
Microsoft Visual Studio Solution File, Format Version 12.00
# Visual Studio Version 17
VisualStudioVersion = 17.2.32630.192
MinimumVisualStudioVersion = 10.0.40219.1
Project("{9A19103F-16F7-4668-BE54-9A1E7A4F7556}") = "RedisDemo", "RedisDemo\RedisDemo.csproj", "{A1B21056-5B34-4893-AEB9-AEA04B8A2C05}"
EndProject
Project("{9A19103F-16F7-4668-BE54-9A1E7A4F7556}") = "RedisWebApi", "RedisWebApi\RedisWebApi.csproj", "{CF157931-EFFB-4831-BA17-78E68FF3376B}"
EndProject
Project("{FAE04EC0-301F-11D3-BF4B-00C04F79EFBC}") = "RedisDemoTest", "RedisDemoTest\RedisDemoTest.csproj", "{3E7FBFFE-319D-4C91-A7F5-D3032E2984D6}"
EndProject
Global
	GlobalSection(SolutionConfigurationPlatforms) = preSolution
		Debug|Any CPU = Debug|Any CPU
		Release|Any CPU = Release|Any CPU
	EndGlobalSection
	GlobalSection(ProjectConfigurationPlatforms) = postSolution
		{A1B21056-5B34-4893-AEB9-AEA04B8A2C05}.Debug|Any CPU.ActiveCfg = Debug|Any CPU
		{A1B21056-5B34-4893-AEB9-AEA04B8A2C05}.Debug|Any CPU.Build.0 = Debug|Any CPU
		{A1B21056-5B34-4893-AEB9-AEA04B8A2C05}.Release|Any CPU.ActiveCfg = Release|Any CPU
		{A1B21056-5B34-4893-AEB9-AEA04B8A2C05}.Release|Any CPU.Build.0 = Release|Any CPU
		{CF157931-EFFB-4831-BA17-78E68FF3376B}.Debug|Any CPU.ActiveCfg = Debug|Any CPU
		{CF157931-EFFB-4831-BA17-78E68FF3376B}.Debug|Any CPU.Build.0 = Debug|Any CPU
		{CF157931-EFFB-4831-BA17-78E68FF3376B}.Release|Any CPU.ActiveCfg = Release|Any CPU
		{CF157931-EFFB-4831-BA17-78E68FF3376B}.Release|Any CPU.Build.0 = Release|Any CPU
		{3E7FBFFE-319D-4C91-A7F5-D3032E2984D6}.Debug|Any CPU.ActiveCfg = Debug|Any CPU
		{3E7FBFFE-319D-4C91-A7F5-D3032E2984D6}.Debug|Any CPU.Build.0 = Debug|Any CPU
		{3E7FBFFE-319D-4C91-A7F5-D3032E2984D6}.Release|Any CPU.ActiveCfg = Release|Any CPU
		{3E7FBFFE-319D-4C91-A7F5-D3032E2984D6}.Release|Any CPU.Build.0 = Release|Any CPU
	EndGlobalSection
	GlobalSection(SolutionProperties) = preSolution
		HideSolutionNode = FALSE
	EndGlobalSection
	GlobalSection(ExtensibilityGlobals) = postSolution
		SolutionGuid = {7CCCA6D8-7BD7-43BD-9274-35285504C33B}
	EndGlobalSection
EndGlobal
